{
  "originHash" : "9e71897b2acfdca861b361cb383214c0b8cc223844b4c9f4d2278d4412453cb8",
  "pins" : [
    {
      "identity" : "w3w-swift-core",
      "kind" : "remoteSourceControl",
      "location" : "https://github.com/what3words/w3w-swift-core.git",
      "state" : {
        "revision" : "84d89ecc30e3fe1fecfaa59db45264e75efa6fd0",
        "version" : "1.1.0"
      }
    },
    {
      "identity" : "w3w-swift-design",
      "kind" : "remoteSourceControl",
      "location" : "https://github.com/what3words/w3w-swift-design.git",
      "state" : {
        "revision" : "ce6b9c951d1526915d484c7d723298a0ea3654ca",
        "version" : "1.0.8"
      }
    },
    {
      "identity" : "w3w-swift-themes",
      "kind" : "remoteSourceControl",
      "location" : "https://github.com/what3words/w3w-swift-themes.git",
      "state" : {
        "revision" : "bd201b3c09d7d2cb7dc88423ea034de92fa3334b",
        "version" : "1.2.0"
      }
    }
  ],
  "version" : 3
}
