{
  "originHash" : "cdb36af9d57e3340484b31362917db42c8e8eeb4ba2d2f8474a125e0239af413",
  "pins" : [
    {
      "identity" : "w3w-swift-app-events",
      "kind" : "remoteSourceControl",
      "location" : "git@github.com:w3w-internal/w3w-swift-app-events.git",
      "state" : {
        "revision" : "a3aa579afbd1d3b66574cff785a33edbec1c0452",
        "version" : "1.1.0"
      }
    },
    {
      "identity" : "w3w-swift-components",
      "kind" : "remoteSourceControl",
      "location" : "https://github.com/what3words/w3w-swift-components.git",
      "state" : {
        "revision" : "6ed04be4011d86642d1f8b9bbab8ac118bedbd86",
        "version" : "3.0.0"
      }
    },
    {
      "identity" : "w3w-swift-core",
      "kind" : "remoteSourceControl",
      "location" : "https://github.com/what3words/w3w-swift-core.git",
      "state" : {
        "revision" : "84d89ecc30e3fe1fecfaa59db45264e75efa6fd0",
        "version" : "1.1.0"
      }
    },
    {
      "identity" : "w3w-swift-design",
      "kind" : "remoteSourceControl",
      "location" : "https://github.com/what3words/w3w-swift-design.git",
      "state" : {
        "revision" : "ce6b9c951d1526915d484c7d723298a0ea3654ca",
        "version" : "1.0.8"
      }
    },
    {
      "identity" : "w3w-swift-themes",
      "kind" : "remoteSourceControl",
      "location" : "https://github.com/what3words/w3w-swift-themes.git",
      "state" : {
        "revision" : "bd201b3c09d7d2cb7dc88423ea034de92fa3334b",
        "version" : "1.2.0"
      }
    },
    {
      "identity" : "w3w-swift-voice-api",
      "kind" : "remoteSourceControl",
      "location" : "https://github.com/what3words/w3w-swift-voice-api.git",
      "state" : {
        "revision" : "fa5849ae926e1b5f85198ca3d4d52ae2c9446cd5",
        "version" : "1.0.0"
      }
    },
    {
      "identity" : "w3w-swift-wrapper",
      "kind" : "remoteSourceControl",
      "location" : "https://github.com/what3words/w3w-swift-wrapper.git",
      "state" : {
        "revision" : "3c01152aa316b7a9714f038b34a8adb4adeb7c4a",
        "version" : "4.0.2"
      }
    }
  ],
  "version" : 3
}
